
Microsoft Visual Studio Solution File, Format Version 12.00
# Visual Studio Version 16
VisualStudioVersion = 16.0.29519.87
MinimumVisualStudioVersion = 10.0.40219.1
Project("{8BC9CEB8-8B4A-11D0-8D11-00A0C91BC942}") = "libyijinjing", "libyijinjing\libyijinjing.vcxproj", "{9EA46149-4659-4C01-ABD1-733C77AAABF9}"
EndProject
Project("{8BC9CEB8-8B4A-11D0-8D11-00A0C91BC942}") = "write", "write\write.vcxproj", "{E3536D48-0823-41AA-841A-2A6EF69EA3C6}"
EndProject
Project("{8BC9CEB8-8B4A-11D0-8D11-00A0C91BC942}") = "read", "read\read.vcxproj", "{0154DAE9-26E6-46B1-A1E7-B344D7427AED}"
EndProject
Project("{8BC9CEB8-8B4A-11D0-8D11-00A0C91BC942}") = "libstrategy", "libstrategy\libstrategy.vcxproj", "{7F05D7CC-7E8D-4E7C-B47F-D2E54974A915}"
EndProject
Global
	GlobalSection(SolutionConfigurationPlatforms) = preSolution
		Debug|x64 = Debug|x64
		Debug|x86 = Debug|x86
		Release|x64 = Release|x64
		Release|x86 = Release|x86
	EndGlobalSection
	GlobalSection(ProjectConfigurationPlatforms) = postSolution
		{9EA46149-4659-4C01-ABD1-733C77AAABF9}.Debug|x64.ActiveCfg = Debug|x64
		{9EA46149-4659-4C01-ABD1-733C77AAABF9}.Debug|x64.Build.0 = Debug|x64
		{9EA46149-4659-4C01-ABD1-733C77AAABF9}.Debug|x86.ActiveCfg = Debug|Win32
		{9EA46149-4659-4C01-ABD1-733C77AAABF9}.Debug|x86.Build.0 = Debug|Win32
		{9EA46149-4659-4C01-ABD1-733C77AAABF9}.Release|x64.ActiveCfg = Release|x64
		{9EA46149-4659-4C01-ABD1-733C77AAABF9}.Release|x64.Build.0 = Release|x64
		{9EA46149-4659-4C01-ABD1-733C77AAABF9}.Release|x86.ActiveCfg = Release|Win32
		{9EA46149-4659-4C01-ABD1-733C77AAABF9}.Release|x86.Build.0 = Release|Win32
		{E3536D48-0823-41AA-841A-2A6EF69EA3C6}.Debug|x64.ActiveCfg = Debug|x64
		{E3536D48-0823-41AA-841A-2A6EF69EA3C6}.Debug|x64.Build.0 = Debug|x64
		{E3536D48-0823-41AA-841A-2A6EF69EA3C6}.Debug|x86.ActiveCfg = Debug|Win32
		{E3536D48-0823-41AA-841A-2A6EF69EA3C6}.Debug|x86.Build.0 = Debug|Win32
		{E3536D48-0823-41AA-841A-2A6EF69EA3C6}.Release|x64.ActiveCfg = Release|x64
		{E3536D48-0823-41AA-841A-2A6EF69EA3C6}.Release|x64.Build.0 = Release|x64
		{E3536D48-0823-41AA-841A-2A6EF69EA3C6}.Release|x86.ActiveCfg = Release|Win32
		{E3536D48-0823-41AA-841A-2A6EF69EA3C6}.Release|x86.Build.0 = Release|Win32
		{0154DAE9-26E6-46B1-A1E7-B344D7427AED}.Debug|x64.ActiveCfg = Debug|x64
		{0154DAE9-26E6-46B1-A1E7-B344D7427AED}.Debug|x64.Build.0 = Debug|x64
		{0154DAE9-26E6-46B1-A1E7-B344D7427AED}.Debug|x86.ActiveCfg = Debug|Win32
		{0154DAE9-26E6-46B1-A1E7-B344D7427AED}.Debug|x86.Build.0 = Debug|Win32
		{0154DAE9-26E6-46B1-A1E7-B344D7427AED}.Release|x64.ActiveCfg = Release|x64
		{0154DAE9-26E6-46B1-A1E7-B344D7427AED}.Release|x64.Build.0 = Release|x64
		{0154DAE9-26E6-46B1-A1E7-B344D7427AED}.Release|x86.ActiveCfg = Release|Win32
		{0154DAE9-26E6-46B1-A1E7-B344D7427AED}.Release|x86.Build.0 = Release|Win32
		{7F05D7CC-7E8D-4E7C-B47F-D2E54974A915}.Debug|x64.ActiveCfg = Debug|x64
		{7F05D7CC-7E8D-4E7C-B47F-D2E54974A915}.Debug|x64.Build.0 = Debug|x64
		{7F05D7CC-7E8D-4E7C-B47F-D2E54974A915}.Debug|x86.ActiveCfg = Debug|Win32
		{7F05D7CC-7E8D-4E7C-B47F-D2E54974A915}.Debug|x86.Build.0 = Debug|Win32
		{7F05D7CC-7E8D-4E7C-B47F-D2E54974A915}.Release|x64.ActiveCfg = Release|x64
		{7F05D7CC-7E8D-4E7C-B47F-D2E54974A915}.Release|x64.Build.0 = Release|x64
		{7F05D7CC-7E8D-4E7C-B47F-D2E54974A915}.Release|x86.ActiveCfg = Release|Win32
		{7F05D7CC-7E8D-4E7C-B47F-D2E54974A915}.Release|x86.Build.0 = Release|Win32
	EndGlobalSection
	GlobalSection(SolutionProperties) = preSolution
		HideSolutionNode = FALSE
	EndGlobalSection
	GlobalSection(ExtensibilityGlobals) = postSolution
		SolutionGuid = {A407D008-12B6-4690-AF54-EA61E7F1013D}
	EndGlobalSection
EndGlobal
